
Microsoft Visual Studio Solution File, Format Version 11.00
# Visual Studio 2010
Project("{FAE04EC0-301F-11D3-BF4B-00C04F79EFBC}") = "BleeborpMountains", "Assembly-CSharp.csproj", "{6DA3F97D-C4DC-F9CF-0F0F-21B27A50B381}"
EndProject
Project("{FAE04EC0-301F-11D3-BF4B-00C04F79EFBC}") = "BleeborpMountains", "Assembly-CSharp-Editor.csproj", "{163F85EA-7E20-B0E7-EE77-5D47A3CFE40E}"
EndProject
Global
	GlobalSection(SolutionConfigurationPlatforms) = preSolution
		Debug|Any CPU = Debug|Any CPU
		Release|Any CPU = Release|Any CPU
	EndGlobalSection
	GlobalSection(ProjectConfigurationPlatforms) = postSolution
		{6DA3F97D-C4DC-F9CF-0F0F-21B27A50B381}.Debug|Any CPU.ActiveCfg = Debug|Any CPU
		{6DA3F97D-C4DC-F9CF-0F0F-21B27A50B381}.Debug|Any CPU.Build.0 = Debug|Any CPU
		{6DA3F97D-C4DC-F9CF-0F0F-21B27A50B381}.Release|Any CPU.ActiveCfg = Release|Any CPU
		{6DA3F97D-C4DC-F9CF-0F0F-21B27A50B381}.Release|Any CPU.Build.0 = Release|Any CPU
		{163F85EA-7E20-B0E7-EE77-5D47A3CFE40E}.Debug|Any CPU.ActiveCfg = Debug|Any CPU
		{163F85EA-7E20-B0E7-EE77-5D47A3CFE40E}.Debug|Any CPU.Build.0 = Debug|Any CPU
		{163F85EA-7E20-B0E7-EE77-5D47A3CFE40E}.Release|Any CPU.ActiveCfg = Release|Any CPU
		{163F85EA-7E20-B0E7-EE77-5D47A3CFE40E}.Release|Any CPU.Build.0 = Release|Any CPU
	EndGlobalSection
	GlobalSection(SolutionProperties) = preSolution
		HideSolutionNode = FALSE
	EndGlobalSection
	GlobalSection(MonoDevelopProperties) = preSolution
		StartupItem = Assembly-CSharp.csproj
	EndGlobalSection
EndGlobal
